// !$*UTF8*$!
{
	archiveVersion = 1;
	classes = {
	};
	objectVersion = 56;
	objects = {

/* Begin PBXBuildFile section */
		FDED74A62BC1AF6C00CFA3AF /* AppDelegate.swift in Sources */ = {isa = PBXBuildFile; fileRef = FDED74A52BC1AF6C00CFA3AF /* AppDelegate.swift */; };
		FDED74A82BC1AF6C00CFA3AF /* SceneDelegate.swift in Sources */ = {isa = PBXBuildFile; fileRef = FDED74A72BC1AF6C00CFA3AF /* SceneDelegate.swift */; };
		FDED74AA2BC1AF6C00CFA3AF /* ViewController.swift in Sources */ = {isa = PBXBuildFile; fileRef = FDED74A92BC1AF6C00CFA3AF /* ViewController.swift */; };
		FDED74AF2BC1AF7100CFA3AF /* Assets.xcassets in Resources */ = {isa = PBXBuildFile; fileRef = FDED74AE2BC1AF7100CFA3AF /* Assets.xcassets */; };
		FDED74B22BC1AF7100CFA3AF /* LaunchScreen.storyboard in Resources */ = {isa = PBXBuildFile; fileRef = FDED74B02BC1AF7100CFA3AF /* LaunchScreen.storyboard */; };
		FDED74BA2BC1B18400CFA3AF /* PasteboardService.swift in Sources */ = {isa = PBXBuildFile; fileRef = FDED74B92BC1B18400CFA3AF /* PasteboardService.swift */; };
		FDED74BC2BC1C29D00CFA3AF /* CameraService.swift in Sources */ = {isa = PBXBuildFile; fileRef = FDED74BB2BC1C29D00CFA3AF /* CameraService.swift */; };
		FDED74BE2BC1C2FA00CFA3AF /* NotificationService.swift in Sources */ = {isa = PBXBuildFile; fileRef = FDED74BD2BC1C2FA00CFA3AF /* NotificationService.swift */; };
		FDED74C02BC1C36C00CFA3AF /* TrackpadService.swift in Sources */ = {isa = PBXBuildFile; fileRef = FDED74BF2BC1C36C00CFA3AF /* TrackpadService.swift */; };
		FDED74C22BC1C3D800CFA3AF /* KeyboardService.swift in Sources */ = {isa = PBXBuildFile; fileRef = FDED74C12BC1C3D800CFA3AF /* KeyboardService.swift */; };
		FDED75232BC6F2EF00CFA3AF /* ShareViewController.swift in Sources */ = {isa = PBXBuildFile; fileRef = FDED75222BC6F2EF00CFA3AF /* ShareViewController.swift */; };
		FDED75262BC6F2EF00CFA3AF /* MainInterface.storyboard in Resources */ = {isa = PBXBuildFile; fileRef = FDED75242BC6F2EF00CFA3AF /* MainInterface.storyboard */; };
		FDED752A2BC6F2EF00CFA3AF /* ShareToComp.appex in Embed Foundation Extensions */ = {isa = PBXBuildFile; fileRef = FDED75202BC6F2EF00CFA3AF /* ShareToComp.appex */; settings = {ATTRIBUTES = (RemoveHeadersOnCopy, ); }; };
		FDED752F2BC86FA900CFA3AF /* ListFeatures.swift in Sources */ = {isa = PBXBuildFile; fileRef = FDED752E2BC86FA900CFA3AF /* ListFeatures.swift */; };
/* End PBXBuildFile section */

/* Begin PBXContainerItemProxy section */
		FDED75282BC6F2EF00CFA3AF /* PBXContainerItemProxy */ = {
			isa = PBXContainerItemProxy;
			containerPortal = FDED749A2BC1AF6C00CFA3AF /* Project object */;
			proxyType = 1;
			remoteGlobalIDString = FDED751F2BC6F2EF00CFA3AF;
			remoteInfo = ShareToComp;
		};
/* End PBXContainerItemProxy section */

/* Begin PBXCopyFilesBuildPhase section */
		FDED75172BC6E77D00CFA3AF /* Embed Foundation Extensions */ = {
			isa = PBXCopyFilesBuildPhase;
			buildActionMask = 2147483647;
			dstPath = "";
			dstSubfolderSpec = 13;
			files = (
				FDED752A2BC6F2EF00CFA3AF /* ShareToComp.appex in Embed Foundation Extensions */,
			);
			name = "Embed Foundation Extensions";
			runOnlyForDeploymentPostprocessing = 0;
		};
/* End PBXCopyFilesBuildPhase section */

/* Begin PBXFileReference section */
		FDED74A22BC1AF6C00CFA3AF /* CompConnectIOS.app */ = {isa = PBXFileReference; explicitFileType = wrapper.application; includeInIndex = 0; path = CompConnectIOS.app; sourceTree = BUILT_PRODUCTS_DIR; };
		FDED74A52BC1AF6C00CFA3AF /* AppDelegate.swift */ = {isa = PBXFileReference; lastKnownFileType = sourcecode.swift; path = AppDelegate.swift; sourceTree = "<group>"; };
		FDED74A72BC1AF6C00CFA3AF /* SceneDelegate.swift */ = {isa = PBXFileReference; lastKnownFileType = sourcecode.swift; path = SceneDelegate.swift; sourceTree = "<group>"; };
		FDED74A92BC1AF6C00CFA3AF /* ViewController.swift */ = {isa = PBXFileReference; lastKnownFileType = sourcecode.swift; path = ViewController.swift; sourceTree = "<group>"; };
		FDED74AE2BC1AF7100CFA3AF /* Assets.xcassets */ = {isa = PBXFileReference; lastKnownFileType = folder.assetcatalog; path = Assets.xcassets; sourceTree = "<group>"; };
		FDED74B12BC1AF7100CFA3AF /* Base */ = {isa = PBXFileReference; lastKnownFileType = file.storyboard; name = Base; path = Base.lproj/LaunchScreen.storyboard; sourceTree = "<group>"; };
		FDED74B32BC1AF7100CFA3AF /* Info.plist */ = {isa = PBXFileReference; lastKnownFileType = text.plist.xml; path = Info.plist; sourceTree = "<group>"; };
		FDED74B92BC1B18400CFA3AF /* PasteboardService.swift */ = {isa = PBXFileReference; lastKnownFileType = sourcecode.swift; path = PasteboardService.swift; sourceTree = "<group>"; };
		FDED74BB2BC1C29D00CFA3AF /* CameraService.swift */ = {isa = PBXFileReference; lastKnownFileType = sourcecode.swift; path = CameraService.swift; sourceTree = "<group>"; };
		FDED74BD2BC1C2FA00CFA3AF /* NotificationService.swift */ = {isa = PBXFileReference; lastKnownFileType = sourcecode.swift; path = NotificationService.swift; sourceTree = "<group>"; };
		FDED74BF2BC1C36C00CFA3AF /* TrackpadService.swift */ = {isa = PBXFileReference; lastKnownFileType = sourcecode.swift; path = TrackpadService.swift; sourceTree = "<group>"; };
		FDED74C12BC1C3D800CFA3AF /* KeyboardService.swift */ = {isa = PBXFileReference; lastKnownFileType = sourcecode.swift; path = KeyboardService.swift; sourceTree = "<group>"; };
		FDED75202BC6F2EF00CFA3AF /* ShareToComp.appex */ = {isa = PBXFileReference; explicitFileType = "wrapper.app-extension"; includeInIndex = 0; path = ShareToComp.appex; sourceTree = BUILT_PRODUCTS_DIR; };
		FDED75222BC6F2EF00CFA3AF /* ShareViewController.swift */ = {isa = PBXFileReference; lastKnownFileType = sourcecode.swift; path = ShareViewController.swift; sourceTree = "<group>"; };
		FDED75252BC6F2EF00CFA3AF /* Base */ = {isa = PBXFileReference; lastKnownFileType = file.storyboard; name = Base; path = Base.lproj/MainInterface.storyboard; sourceTree = "<group>"; };
		FDED75272BC6F2EF00CFA3AF /* Info.plist */ = {isa = PBXFileReference; lastKnownFileType = text.plist.xml; path = Info.plist; sourceTree = "<group>"; };
		FDED752E2BC86FA900CFA3AF /* ListFeatures.swift */ = {isa = PBXFileReference; lastKnownFileType = sourcecode.swift; path = ListFeatures.swift; sourceTree = "<group>"; };
/* End PBXFileReference section */

/* Begin PBXFrameworksBuildPhase section */
		FDED749F2BC1AF6C00CFA3AF /* Frameworks */ = {
			isa = PBXFrameworksBuildPhase;
			buildActionMask = 2147483647;
			files = (
			);
			runOnlyForDeploymentPostprocessing = 0;
		};
		FDED751D2BC6F2EF00CFA3AF /* Frameworks */ = {
			isa = PBXFrameworksBuildPhase;
			buildActionMask = 2147483647;
			files = (
			);
			runOnlyForDeploymentPostprocessing = 0;
		};
/* End PBXFrameworksBuildPhase section */

/* Begin PBXGroup section */
		FDED74992BC1AF6C00CFA3AF = {
			isa = PBXGroup;
			children = (
				FDED74A42BC1AF6C00CFA3AF /* CompConnectIOS */,
				FDED75212BC6F2EF00CFA3AF /* ShareToComp */,
				FDED74A32BC1AF6C00CFA3AF /* Products */,
			);
			sourceTree = "<group>";
		};
		FDED74A32BC1AF6C00CFA3AF /* Products */ = {
			isa = PBXGroup;
			children = (
				FDED74A22BC1AF6C00CFA3AF /* CompConnectIOS.app */,
				FDED75202BC6F2EF00CFA3AF /* ShareToComp.appex */,
			);
			name = Products;
			sourceTree = "<group>";
		};
		FDED74A42BC1AF6C00CFA3AF /* CompConnectIOS */ = {
			isa = PBXGroup;
			children = (
				FDED74A52BC1AF6C00CFA3AF /* AppDelegate.swift */,
				FDED74A72BC1AF6C00CFA3AF /* SceneDelegate.swift */,
				FDED752E2BC86FA900CFA3AF /* ListFeatures.swift */,
				FDED74A92BC1AF6C00CFA3AF /* ViewController.swift */,
				FDED74B92BC1B18400CFA3AF /* PasteboardService.swift */,
				FDED74BB2BC1C29D00CFA3AF /* CameraService.swift */,
				FDED74BD2BC1C2FA00CFA3AF /* NotificationService.swift */,
				FDED74BF2BC1C36C00CFA3AF /* TrackpadService.swift */,
				FDED74C12BC1C3D800CFA3AF /* KeyboardService.swift */,
				FDED74AE2BC1AF7100CFA3AF /* Assets.xcassets */,
				FDED74B02BC1AF7100CFA3AF /* LaunchScreen.storyboard */,
				FDED74B32BC1AF7100CFA3AF /* Info.plist */,
			);
			path = CompConnectIOS;
			sourceTree = "<group>";
		};
		FDED75212BC6F2EF00CFA3AF /* ShareToComp */ = {
			isa = PBXGroup;
			children = (
				FDED75222BC6F2EF00CFA3AF /* ShareViewController.swift */,
				FDED75242BC6F2EF00CFA3AF /* MainInterface.storyboard */,
				FDED75272BC6F2EF00CFA3AF /* Info.plist */,
			);
			path = ShareToComp;
			sourceTree = "<group>";
		};
/* End PBXGroup section */

/* Begin PBXNativeTarget section */
		FDED74A12BC1AF6C00CFA3AF /* CompConnectIOS */ = {
			isa = PBXNativeTarget;
			buildConfigurationList = FDED74B62BC1AF7100CFA3AF /* Build configuration list for PBXNativeTarget "CompConnectIOS" */;
			buildPhases = (
				FDED749E2BC1AF6C00CFA3AF /* Sources */,
				FDED749F2BC1AF6C00CFA3AF /* Frameworks */,
				FDED74A02BC1AF6C00CFA3AF /* Resources */,
				FDED75172BC6E77D00CFA3AF /* Embed Foundation Extensions */,
			);
			buildRules = (
			);
			dependencies = (
				FDED75292BC6F2EF00CFA3AF /* PBXTargetDependency */,
			);
			name = CompConnectIOS;
			productName = CompConnectIOS;
			productReference = FDED74A22BC1AF6C00CFA3AF /* CompConnectIOS.app */;
			productType = "com.apple.product-type.application";
		};
		FDED751F2BC6F2EF00CFA3AF /* ShareToComp */ = {
			isa = PBXNativeTarget;
			buildConfigurationList = FDED752B2BC6F2EF00CFA3AF /* Build configuration list for PBXNativeTarget "ShareToComp" */;
			buildPhases = (
				FDED751C2BC6F2EF00CFA3AF /* Sources */,
				FDED751D2BC6F2EF00CFA3AF /* Frameworks */,
				FDED751E2BC6F2EF00CFA3AF /* Resources */,
			);
			buildRules = (
			);
			dependencies = (
			);
			name = ShareToComp;
			productName = ShareToComp;
			productReference = FDED75202BC6F2EF00CFA3AF /* ShareToComp.appex */;
			productType = "com.apple.product-type.app-extension";
		};
/* End PBXNativeTarget section */

/* Begin PBXProject section */
		FDED749A2BC1AF6C00CFA3AF /* Project object */ = {
			isa = PBXProject;
			attributes = {
				BuildIndependentTargetsInParallel = 1;
				LastSwiftUpdateCheck = 1420;
				LastUpgradeCheck = 1420;
				TargetAttributes = {
					FDED74A12BC1AF6C00CFA3AF = {
						CreatedOnToolsVersion = 14.2;
					};
					FDED751F2BC6F2EF00CFA3AF = {
						CreatedOnToolsVersion = 14.2;
					};
				};
			};
			buildConfigurationList = FDED749D2BC1AF6C00CFA3AF /* Build configuration list for PBXProject "CompConnectIOS" */;
			compatibilityVersion = "Xcode 14.0";
			developmentRegion = en;
			hasScannedForEncodings = 0;
			knownRegions = (
				en,
				Base,
			);
			mainGroup = FDED74992BC1AF6C00CFA3AF;
			productRefGroup = FDED74A32BC1AF6C00CFA3AF /* Products */;
			projectDirPath = "";
			projectRoot = "";
			targets = (
				FDED74A12BC1AF6C00CFA3AF /* CompConnectIOS */,
				FDED751F2BC6F2EF00CFA3AF /* ShareToComp */,
			);
		};
/* End PBXProject section */

/* Begin PBXResourcesBuildPhase section */
		FDED74A02BC1AF6C00CFA3AF /* Resources */ = {
			isa = PBXResourcesBuildPhase;
			buildActionMask = 2147483647;
			files = (
				FDED74B22BC1AF7100CFA3AF /* LaunchScreen.storyboard in Resources */,
				FDED74AF2BC1AF7100CFA3AF /* Assets.xcassets in Resources */,
			);
			runOnlyForDeploymentPostprocessing = 0;
		};
		FDED751E2BC6F2EF00CFA3AF /* Resources */ = {
			isa = PBXResourcesBuildPhase;
			buildActionMask = 2147483647;
			files = (
				FDED75262BC6F2EF00CFA3AF /* MainInterface.storyboard in Resources */,
			);
			runOnlyForDeploymentPostprocessing = 0;
		};
/* End PBXResourcesBuildPhase section */

/* Begin PBXSourcesBuildPhase section */
		FDED749E2BC1AF6C00CFA3AF /* Sources */ = {
			isa = PBXSourcesBuildPhase;
			buildActionMask = 2147483647;
			files = (
				FDED74BC2BC1C29D00CFA3AF /* CameraService.swift in Sources */,
				FDED74C02BC1C36C00CFA3AF /* TrackpadService.swift in Sources */,
				FDED74C22BC1C3D800CFA3AF /* KeyboardService.swift in Sources */,
				FDED752F2BC86FA900CFA3AF /* ListFeatures.swift in Sources */,
				FDED74BA2BC1B18400CFA3AF /* PasteboardService.swift in Sources */,
				FDED74AA2BC1AF6C00CFA3AF /* ViewController.swift in Sources */,
				FDED74A62BC1AF6C00CFA3AF /* AppDelegate.swift in Sources */,
				FDED74BE2BC1C2FA00CFA3AF /* NotificationService.swift in Sources */,
				FDED74A82BC1AF6C00CFA3AF /* SceneDelegate.swift in Sources */,
			);
			runOnlyForDeploymentPostprocessing = 0;
		};
		FDED751C2BC6F2EF00CFA3AF /* Sources */ = {
			isa = PBXSourcesBuildPhase;
			buildActionMask = 2147483647;
			files = (
				FDED75232BC6F2EF00CFA3AF /* ShareViewController.swift in Sources */,
			);
			runOnlyForDeploymentPostprocessing = 0;
		};
/* End PBXSourcesBuildPhase section */

/* Begin PBXTargetDependency section */
		FDED75292BC6F2EF00CFA3AF /* PBXTargetDependency */ = {
			isa = PBXTargetDependency;
			target = FDED751F2BC6F2EF00CFA3AF /* ShareToComp */;
			targetProxy = FDED75282BC6F2EF00CFA3AF /* PBXContainerItemProxy */;
		};
/* End PBXTargetDependency section */

/* Begin PBXVariantGroup section */
		FDED74B02BC1AF7100CFA3AF /* LaunchScreen.storyboard */ = {
			isa = PBXVariantGroup;
			children = (
				FDED74B12BC1AF7100CFA3AF /* Base */,
			);
			name = LaunchScreen.storyboard;
			sourceTree = "<group>";
		};
		FDED75242BC6F2EF00CFA3AF /* MainInterface.storyboard */ = {
			isa = PBXVariantGroup;
			children = (
				FDED75252BC6F2EF00CFA3AF /* Base */,
			);
			name = MainInterface.storyboard;
			sourceTree = "<group>";
		};
/* End PBXVariantGroup section */

/* Begin XCBuildConfiguration section */
		FDED74B42BC1AF7100CFA3AF /* Debug */ = {
			isa = XCBuildConfiguration;
			buildSettings = {
				ALWAYS_SEARCH_USER_PATHS = NO;
				CLANG_ANALYZER_NONNULL = YES;
				CLANG_ANALYZER_NUMBER_OBJECT_CONVERSION = YES_AGGRESSIVE;
				CLANG_CXX_LANGUAGE_STANDARD = "gnu++20";
				CLANG_ENABLE_MODULES = YES;
				CLANG_ENABLE_OBJC_ARC = YES;
				CLANG_ENABLE_OBJC_WEAK = YES;
				CLANG_WARN_BLOCK_CAPTURE_AUTORELEASING = YES;
				CLANG_WARN_BOOL_CONVERSION = YES;
				CLANG_WARN_COMMA = YES;
				CLANG_WARN_CONSTANT_CONVERSION = YES;
				CLANG_WARN_DEPRECATED_OBJC_IMPLEMENTATIONS = YES;
				CLANG_WARN_DIRECT_OBJC_ISA_USAGE = YES_ERROR;
				CLANG_WARN_DOCUMENTATION_COMMENTS = YES;
				CLANG_WARN_EMPTY_BODY = YES;
				CLANG_WARN_ENUM_CONVERSION = YES;
				CLANG_WARN_INFINITE_RECURSION = YES;
				CLANG_WARN_INT_CONVERSION = YES;
				CLANG_WARN_NON_LITERAL_NULL_CONVERSION = YES;
				CLANG_WARN_OBJC_IMPLICIT_RETAIN_SELF = YES;
				CLANG_WARN_OBJC_LITERAL_CONVERSION = YES;
				CLANG_WARN_OBJC_ROOT_CLASS = YES_ERROR;
				CLANG_WARN_QUOTED_INCLUDE_IN_FRAMEWORK_HEADER = YES;
				CLANG_WARN_RANGE_LOOP_ANALYSIS = YES;
				CLANG_WARN_STRICT_PROTOTYPES = YES;
				CLANG_WARN_SUSPICIOUS_MOVE = YES;
				CLANG_WARN_UNGUARDED_AVAILABILITY = YES_AGGRESSIVE;
				CLANG_WARN_UNREACHABLE_CODE = YES;
				CLANG_WARN__DUPLICATE_METHOD_MATCH = YES;
				COPY_PHASE_STRIP = NO;
				DEBUG_INFORMATION_FORMAT = dwarf;
				ENABLE_STRICT_OBJC_MSGSEND = YES;
				ENABLE_TESTABILITY = YES;
				GCC_C_LANGUAGE_STANDARD = gnu11;
				GCC_DYNAMIC_NO_PIC = NO;
				GCC_NO_COMMON_BLOCKS = YES;
				GCC_OPTIMIZATION_LEVEL = 0;
				GCC_PREPROCESSOR_DEFINITIONS = (
					"DEBUG=1",
					"$(inherited)",
				);
				GCC_WARN_64_TO_32_BIT_CONVERSION = YES;
				GCC_WARN_ABOUT_RETURN_TYPE = YES_ERROR;
				GCC_WARN_UNDECLARED_SELECTOR = YES;
				GCC_WARN_UNINITIALIZED_AUTOS = YES_AGGRESSIVE;
				GCC_WARN_UNUSED_FUNCTION = YES;
				GCC_WARN_UNUSED_VARIABLE = YES;
				IPHONEOS_DEPLOYMENT_TARGET = 16.2;
				MTL_ENABLE_DEBUG_INFO = INCLUDE_SOURCE;
				MTL_FAST_MATH = YES;
				ONLY_ACTIVE_ARCH = YES;
				SDKROOT = iphoneos;
				SWIFT_ACTIVE_COMPILATION_CONDITIONS = DEBUG;
				SWIFT_OPTIMIZATION_LEVEL = "-Onone";
			};
			name = Debug;
		};
		FDED74B52BC1AF7100CFA3AF /* Release */ = {
			isa = XCBuildConfiguration;
			buildSettings = {
				ALWAYS_SEARCH_USER_PATHS = NO;
				CLANG_ANALYZER_NONNULL = YES;
				CLANG_ANALYZER_NUMBER_OBJECT_CONVERSION = YES_AGGRESSIVE;
				CLANG_CXX_LANGUAGE_STANDARD = "gnu++20";
				CLANG_ENABLE_MODULES = YES;
				CLANG_ENABLE_OBJC_ARC = YES;
				CLANG_ENABLE_OBJC_WEAK = YES;
				CLANG_WARN_BLOCK_CAPTURE_AUTORELEASING = YES;
				CLANG_WARN_BOOL_CONVERSION = YES;
				CLANG_WARN_COMMA = YES;
				CLANG_WARN_CONSTANT_CONVERSION = YES;
				CLANG_WARN_DEPRECATED_OBJC_IMPLEMENTATIONS = YES;
				CLANG_WARN_DIRECT_OBJC_ISA_USAGE = YES_ERROR;
				CLANG_WARN_DOCUMENTATION_COMMENTS = YES;
				CLANG_WARN_EMPTY_BODY = YES;
				CLANG_WARN_ENUM_CONVERSION = YES;
				CLANG_WARN_INFINITE_RECURSION = YES;
				CLANG_WARN_INT_CONVERSION = YES;
				CLANG_WARN_NON_LITERAL_NULL_CONVERSION = YES;
				CLANG_WARN_OBJC_IMPLICIT_RETAIN_SELF = YES;
				CLANG_WARN_OBJC_LITERAL_CONVERSION = YES;
				CLANG_WARN_OBJC_ROOT_CLASS = YES_ERROR;
				CLANG_WARN_QUOTED_INCLUDE_IN_FRAMEWORK_HEADER = YES;
				CLANG_WARN_RANGE_LOOP_ANALYSIS = YES;
				CLANG_WARN_STRICT_PROTOTYPES = YES;
				CLANG_WARN_SUSPICIOUS_MOVE = YES;
				CLANG_WARN_UNGUARDED_AVAILABILITY = YES_AGGRESSIVE;
				CLANG_WARN_UNREACHABLE_CODE = YES;
				CLANG_WARN__DUPLICATE_METHOD_MATCH = YES;
				COPY_PHASE_STRIP = NO;
				DEBUG_INFORMATION_FORMAT = "dwarf-with-dsym";
				ENABLE_NS_ASSERTIONS = NO;
				ENABLE_STRICT_OBJC_MSGSEND = YES;
				GCC_C_LANGUAGE_STANDARD = gnu11;
				GCC_NO_COMMON_BLOCKS = YES;
				GCC_WARN_64_TO_32_BIT_CONVERSION = YES;
				GCC_WARN_ABOUT_RETURN_TYPE = YES_ERROR;
				GCC_WARN_UNDECLARED_SELECTOR = YES;
				GCC_WARN_UNINITIALIZED_AUTOS = YES_AGGRESSIVE;
				GCC_WARN_UNUSED_FUNCTION = YES;
				GCC_WARN_UNUSED_VARIABLE = YES;
				IPHONEOS_DEPLOYMENT_TARGET = 16.2;
				MTL_ENABLE_DEBUG_INFO = NO;
				MTL_FAST_MATH = YES;
				SDKROOT = iphoneos;
				SWIFT_COMPILATION_MODE = wholemodule;
				SWIFT_OPTIMIZATION_LEVEL = "-O";
				VALIDATE_PRODUCT = YES;
			};
			name = Release;
		};
		FDED74B72BC1AF7100CFA3AF /* Debug */ = {
			isa = XCBuildConfiguration;
			buildSettings = {
				ALWAYS_EMBED_SWIFT_STANDARD_LIBRARIES = YES;
				ASSETCATALOG_COMPILER_APPICON_NAME = AppIcon;
				ASSETCATALOG_COMPILER_GLOBAL_ACCENT_COLOR_NAME = AccentColor;
				CODE_SIGN_STYLE = Automatic;
				CURRENT_PROJECT_VERSION = 1;
				GENERATE_INFOPLIST_FILE = YES;
				INFOPLIST_FILE = CompConnectIOS/Info.plist;
				INFOPLIST_KEY_UIApplicationSupportsIndirectInputEvents = YES;
				INFOPLIST_KEY_UILaunchStoryboardName = LaunchScreen;
				INFOPLIST_KEY_UISupportedInterfaceOrientations_iPad = "UIInterfaceOrientationPortrait UIInterfaceOrientationPortraitUpsideDown UIInterfaceOrientationLandscapeLeft UIInterfaceOrientationLandscapeRight";
				INFOPLIST_KEY_UISupportedInterfaceOrientations_iPhone = "UIInterfaceOrientationPortrait UIInterfaceOrientationLandscapeLeft UIInterfaceOrientationLandscapeRight";
				LD_RUNPATH_SEARCH_PATHS = (
					"$(inherited)",
					"@executable_path/Frameworks",
				);
				MARKETING_VERSION = 1.0;
				PRODUCT_BUNDLE_IDENTIFIER = Khabibulina.CompConnectIOS;
				PRODUCT_NAME = "$(TARGET_NAME)";
				SWIFT_EMIT_LOC_STRINGS = YES;
				SWIFT_VERSION = 5.0;
				TARGETED_DEVICE_FAMILY = "1,2";
			};
			name = Debug;
		};
		FDED74B82BC1AF7100CFA3AF /* Release */ = {
			isa = XCBuildConfiguration;
			buildSettings = {
				ALWAYS_EMBED_SWIFT_STANDARD_LIBRARIES = YES;
				ASSETCATALOG_COMPILER_APPICON_NAME = AppIcon;
				ASSETCATALOG_COMPILER_GLOBAL_ACCENT_COLOR_NAME = AccentColor;
				CODE_SIGN_STYLE = Automatic;
				CURRENT_PROJECT_VERSION = 1;
				GENERATE_INFOPLIST_FILE = YES;
				INFOPLIST_FILE = CompConnectIOS/Info.plist;
				INFOPLIST_KEY_UIApplicationSupportsIndirectInputEvents = YES;
				INFOPLIST_KEY_UILaunchStoryboardName = LaunchScreen;
				INFOPLIST_KEY_UISupportedInterfaceOrientations_iPad = "UIInterfaceOrientationPortrait UIInterfaceOrientationPortraitUpsideDown UIInterfaceOrientationLandscapeLeft UIInterfaceOrientationLandscapeRight";
				INFOPLIST_KEY_UISupportedInterfaceOrientations_iPhone = "UIInterfaceOrientationPortrait UIInterfaceOrientationLandscapeLeft UIInterfaceOrientationLandscapeRight";
				LD_RUNPATH_SEARCH_PATHS = (
					"$(inherited)",
					"@executable_path/Frameworks",
				);
				MARKETING_VERSION = 1.0;
				PRODUCT_BUNDLE_IDENTIFIER = Khabibulina.CompConnectIOS;
				PRODUCT_NAME = "$(TARGET_NAME)";
				SWIFT_EMIT_LOC_STRINGS = YES;
				SWIFT_VERSION = 5.0;
				TARGETED_DEVICE_FAMILY = "1,2";
			};
			name = Release;
		};
		FDED752C2BC6F2EF00CFA3AF /* Debug */ = {
			isa = XCBuildConfiguration;
			buildSettings = {
				CODE_SIGN_STYLE = Automatic;
				CURRENT_PROJECT_VERSION = 1;
				DEVELOPMENT_ASSET_PATHS = "";
				GENERATE_INFOPLIST_FILE = YES;
				INFOPLIST_FILE = ShareToComp/Info.plist;
				INFOPLIST_KEY_CFBundleDisplayName = ShareToComp;
				INFOPLIST_KEY_NSHumanReadableCopyright = "";
				LD_RUNPATH_SEARCH_PATHS = (
					"$(inherited)",
					"@executable_path/Frameworks",
					"@executable_path/../../Frameworks",
				);
				MARKETING_VERSION = 1.0;
				PRODUCT_BUNDLE_IDENTIFIER = Khabibulina.CompConnectIOS.ShareToComp;
				PRODUCT_NAME = "$(TARGET_NAME)";
				SKIP_INSTALL = YES;
				SWIFT_EMIT_LOC_STRINGS = YES;
				SWIFT_VERSION = 5.0;
				TARGETED_DEVICE_FAMILY = "1,2";
			};
			name = Debug;
		};
		FDED752D2BC6F2EF00CFA3AF /* Release */ = {
			isa = XCBuildConfiguration;
			buildSettings = {
				CODE_SIGN_STYLE = Automatic;
				CURRENT_PROJECT_VERSION = 1;
				DEVELOPMENT_ASSET_PATHS = "";
				GENERATE_INFOPLIST_FILE = YES;
				INFOPLIST_FILE = ShareToComp/Info.plist;
				INFOPLIST_KEY_CFBundleDisplayName = ShareToComp;
				INFOPLIST_KEY_NSHumanReadableCopyright = "";
				LD_RUNPATH_SEARCH_PATHS = (
					"$(inherited)",
					"@executable_path/Frameworks",
					"@executable_path/../../Frameworks",
				);
				MARKETING_VERSION = 1.0;
				PRODUCT_BUNDLE_IDENTIFIER = Khabibulina.CompConnectIOS.ShareToComp;
				PRODUCT_NAME = "$(TARGET_NAME)";
				SKIP_INSTALL = YES;
				SWIFT_EMIT_LOC_STRINGS = YES;
				SWIFT_VERSION = 5.0;
				TARGETED_DEVICE_FAMILY = "1,2";
			};
			name = Release;
		};
/* End XCBuildConfiguration section */

/* Begin XCConfigurationList section */
		FDED749D2BC1AF6C00CFA3AF /* Build configuration list for PBXProject "CompConnectIOS" */ = {
			isa = XCConfigurationList;
			buildConfigurations = (
				FDED74B42BC1AF7100CFA3AF /* Debug */,
				FDED74B52BC1AF7100CFA3AF /* Release */,
			);
			defaultConfigurationIsVisible = 0;
			defaultConfigurationName = Release;
		};
		FDED74B62BC1AF7100CFA3AF /* Build configuration list for PBXNativeTarget "CompConnectIOS" */ = {
			isa = XCConfigurationList;
			buildConfigurations = (
				FDED74B72BC1AF7100CFA3AF /* Debug */,
				FDED74B82BC1AF7100CFA3AF /* Release */,
			);
			defaultConfigurationIsVisible = 0;
			defaultConfigurationName = Release;
		};
		FDED752B2BC6F2EF00CFA3AF /* Build configuration list for PBXNativeTarget "ShareToComp" */ = {
			isa = XCConfigurationList;
			buildConfigurations = (
				FDED752C2BC6F2EF00CFA3AF /* Debug */,
				FDED752D2BC6F2EF00CFA3AF /* Release */,
			);
			defaultConfigurationIsVisible = 0;
			defaultConfigurationName = Release;
		};
/* End XCConfigurationList section */
	};
	rootObject = FDED749A2BC1AF6C00CFA3AF /* Project object */;
}
